{
  "nodes": {
    "nixpkgs": {
      "locked": {
        "lastModified": 1711333969,
        "narHash": "sha256-5PiWGn10DQjMZee5NXzeA6ccsv60iLu+Xtw+mfvkUAs=",
        "owner": "NixOS",
        "repo": "nixpkgs",
        "rev": "57e6b3a9e4ebec5aa121188301f04a6b8c354c9b",
        "type": "github"
      },
      "original": {
        "owner": "NixOS",
        "ref": "nixos-unstable",
        "repo": "nixpkgs",
        "type": "github"
      }
    },
    "root": {
      "inputs": {
        "nixpkgs": "nixpkgs",
        "stork": "stork"
      }
    },
    "stork": {
      "flake": false,
      "locked": {
        "lastModified": 1709727739,
        "narHash": "sha256-lZU+3BnAzjOniswzoSXw3P15VAqHZQjlrnLoFuBFF3Q=",
        "owner": "isc-projects",
        "repo": "stork",
        "rev": "7b8b2b606cd38d51a1c0559222604095efffaffb",
        "type": "github"
      },
      "original": {
        "owner": "isc-projects",
        "repo": "stork",
        "type": "github"
      }
    }
  },
  "root": "root",
  "version": 7
}
