{
  "nodes": {
    "nixpkgs": {
      "locked": {
        "lastModified": 1695644571,
        "narHash": "sha256-asS9dCCdlt1lPq0DLwkVBbVoEKuEuz+Zi3DG7pR/RxA=",
        "owner": "NixOS",
        "repo": "nixpkgs",
        "rev": "6500b4580c2a1f3d0f980d32d285739d8e156d92",
        "type": "github"
      },
      "original": {
        "owner": "NixOS",
        "ref": "nixos-unstable",
        "repo": "nixpkgs",
        "type": "github"
      }
    },
    "root": {
      "inputs": {
        "nixpkgs": "nixpkgs",
        "stork": "stork"
      }
    },
    "stork": {
      "flake": false,
      "locked": {
        "lastModified": 1695912173,
        "narHash": "sha256-aHfUiWTDkBLTNbBFcA2WFd+omh56xxD2Df62mDBP1t4=",
        "owner": "isc-projects",
        "repo": "stork",
        "rev": "c3769bb2be6d050992e02adff9c3949e9972d59e",
        "type": "github"
      },
      "original": {
        "owner": "isc-projects",
        "repo": "stork",
        "type": "github"
      }
    }
  },
  "root": "root",
  "version": 7
}
